
Microsoft Visual Studio Solution File, Format Version 12.00
# Visual Studio Version 17
VisualStudioVersion = 17.11.35219.272
MinimumVisualStudioVersion = 10.0.40219.1
Project("{FAE04EC0-301F-11D3-BF4B-00C04F79EFBC}") = "Online Store Managment", "Online Store Managment.csproj", "{FFFA9E6D-70A0-4D31-AD42-9A9D38C16AAB}"
EndProject
Global
	GlobalSection(SolutionConfigurationPlatforms) = preSolution
		Debug|Any CPU = Debug|Any CPU
		Release|Any CPU = Release|Any CPU
	EndGlobalSection
	GlobalSection(ProjectConfigurationPlatforms) = postSolution
		{FFFA9E6D-70A0-4D31-AD42-9A9D38C16AAB}.Debug|Any CPU.ActiveCfg = Debug|Any CPU
		{FFFA9E6D-70A0-4D31-AD42-9A9D38C16AAB}.Debug|Any CPU.Build.0 = Debug|Any CPU
		{FFFA9E6D-70A0-4D31-AD42-9A9D38C16AAB}.Release|Any CPU.ActiveCfg = Release|Any CPU
		{FFFA9E6D-70A0-4D31-AD42-9A9D38C16AAB}.Release|Any CPU.Build.0 = Release|Any CPU
	EndGlobalSection
	GlobalSection(SolutionProperties) = preSolution
		HideSolutionNode = FALSE
	EndGlobalSection
	GlobalSection(ExtensibilityGlobals) = postSolution
		SolutionGuid = {12349D5D-2BDE-43D4-BE3D-EDDAB6ED5BD2}
	EndGlobalSection
EndGlobal
